PODS:
  - IQKeyboardManagerSwift (4.0.8)
  - SwiftHEXColors (1.1.0)

DEPENDENCIES:
  - IQKeyboardManagerSwift (~> 4.0.8)
  - SwiftHEXColors (~> 1.1)

SPEC CHECKSUMS:
  IQKeyboardManagerSwift: c04bc9f68473823f825eb44d958fce98d921bead
  SwiftHEXColors: 8f7e364df7929e32cff9f9eeb044bb215167d6be

PODFILE CHECKSUM: 8a3213f993d3237243a1a655ad3dbc628dcd40c8

COCOAPODS: 1.1.1
