// !$*UTF8*$!
{
	archiveVersion = 1;
	classes = {
	};
	objectVersion = 46;
	objects = {

/* Begin PBXBuildFile section */
		651875171D53000F006C8D82 /* AppDelegate.swift in Sources */ = {isa = PBXBuildFile; fileRef = 651875161D53000F006C8D82 /* AppDelegate.swift */; };
		6518751C1D53000F006C8D82 /* Main.storyboard in Resources */ = {isa = PBXBuildFile; fileRef = 6518751A1D53000F006C8D82 /* Main.storyboard */; };
		6518751E1D53000F006C8D82 /* Assets.xcassets in Resources */ = {isa = PBXBuildFile; fileRef = 6518751D1D53000F006C8D82 /* Assets.xcassets */; };
		651875211D53000F006C8D82 /* LaunchScreen.storyboard in Resources */ = {isa = PBXBuildFile; fileRef = 6518751F1D53000F006C8D82 /* LaunchScreen.storyboard */; };
		651875291D53A354006C8D82 /* NotesTableViewController.swift in Sources */ = {isa = PBXBuildFile; fileRef = 651875281D53A354006C8D82 /* NotesTableViewController.swift */; };
		653518FF1D6BE9F400294A64 /* Notes.swift in Sources */ = {isa = PBXBuildFile; fileRef = 653518FE1D6BE9F400294A64 /* Notes.swift */; };
		653519091D6BF72700294A64 /* NotesTests.swift in Sources */ = {isa = PBXBuildFile; fileRef = 653519081D6BF72700294A64 /* NotesTests.swift */; };
		653519111D6BFB1100294A64 /* Notes.swift in Sources */ = {isa = PBXBuildFile; fileRef = 653518FE1D6BE9F400294A64 /* Notes.swift */; };
		6541BF701D95406F00DF2A58 /* Info.plist in Resources */ = {isa = PBXBuildFile; fileRef = 6541BF6D1D95406F00DF2A58 /* Info.plist */; };
		6541BF711D95406F00DF2A58 /* Info.plist in Resources */ = {isa = PBXBuildFile; fileRef = 6541BF6D1D95406F00DF2A58 /* Info.plist */; };
		6541BF721D95406F00DF2A58 /* SwiftyMarkdown.swift in Sources */ = {isa = PBXBuildFile; fileRef = 6541BF6F1D95406F00DF2A58 /* SwiftyMarkdown.swift */; };
		6541BF731D95406F00DF2A58 /* SwiftyMarkdown.swift in Sources */ = {isa = PBXBuildFile; fileRef = 6541BF6F1D95406F00DF2A58 /* SwiftyMarkdown.swift */; };
		655F2C691D958EA400550C05 /* MarkdownNotesViewController.swift in Sources */ = {isa = PBXBuildFile; fileRef = 655F2C681D958EA400550C05 /* MarkdownNotesViewController.swift */; };
		655F2C6A1D958EA400550C05 /* MarkdownNotesViewController.swift in Sources */ = {isa = PBXBuildFile; fileRef = 655F2C681D958EA400550C05 /* MarkdownNotesViewController.swift */; };
		65610CC81D54667A003E0882 /* NotesTableViewCell.swift in Sources */ = {isa = PBXBuildFile; fileRef = 65610CC71D54667A003E0882 /* NotesTableViewCell.swift */; };
		65914A721D9A5F5100C2AE71 /* IQNSArray+Sort.swift in Sources */ = {isa = PBXBuildFile; fileRef = 65914A5C1D9A5F5100C2AE71 /* IQNSArray+Sort.swift */; };
		65914A731D9A5F5100C2AE71 /* IQNSArray+Sort.swift in Sources */ = {isa = PBXBuildFile; fileRef = 65914A5C1D9A5F5100C2AE71 /* IQNSArray+Sort.swift */; };
		65914A741D9A5F5100C2AE71 /* IQUIScrollView+Additions.swift in Sources */ = {isa = PBXBuildFile; fileRef = 65914A5D1D9A5F5100C2AE71 /* IQUIScrollView+Additions.swift */; };
		65914A751D9A5F5100C2AE71 /* IQUIScrollView+Additions.swift in Sources */ = {isa = PBXBuildFile; fileRef = 65914A5D1D9A5F5100C2AE71 /* IQUIScrollView+Additions.swift */; };
		65914A761D9A5F5100C2AE71 /* IQUITextFieldView+Additions.swift in Sources */ = {isa = PBXBuildFile; fileRef = 65914A5E1D9A5F5100C2AE71 /* IQUITextFieldView+Additions.swift */; };
		65914A771D9A5F5100C2AE71 /* IQUITextFieldView+Additions.swift in Sources */ = {isa = PBXBuildFile; fileRef = 65914A5E1D9A5F5100C2AE71 /* IQUITextFieldView+Additions.swift */; };
		65914A781D9A5F5100C2AE71 /* IQUIView+Hierarchy.swift in Sources */ = {isa = PBXBuildFile; fileRef = 65914A5F1D9A5F5100C2AE71 /* IQUIView+Hierarchy.swift */; };
		65914A791D9A5F5100C2AE71 /* IQUIView+Hierarchy.swift in Sources */ = {isa = PBXBuildFile; fileRef = 65914A5F1D9A5F5100C2AE71 /* IQUIView+Hierarchy.swift */; };
		65914A7A1D9A5F5100C2AE71 /* IQUIViewController+Additions.swift in Sources */ = {isa = PBXBuildFile; fileRef = 65914A601D9A5F5100C2AE71 /* IQUIViewController+Additions.swift */; };
		65914A7B1D9A5F5100C2AE71 /* IQUIViewController+Additions.swift in Sources */ = {isa = PBXBuildFile; fileRef = 65914A601D9A5F5100C2AE71 /* IQUIViewController+Additions.swift */; };
		65914A7C1D9A5F5100C2AE71 /* IQUIWindow+Hierarchy.swift in Sources */ = {isa = PBXBuildFile; fileRef = 65914A611D9A5F5100C2AE71 /* IQUIWindow+Hierarchy.swift */; };
		65914A7D1D9A5F5100C2AE71 /* IQUIWindow+Hierarchy.swift in Sources */ = {isa = PBXBuildFile; fileRef = 65914A611D9A5F5100C2AE71 /* IQUIWindow+Hierarchy.swift */; };
		65914A7E1D9A5F5100C2AE71 /* IQKeyboardManagerConstants.swift in Sources */ = {isa = PBXBuildFile; fileRef = 65914A631D9A5F5100C2AE71 /* IQKeyboardManagerConstants.swift */; };
		65914A7F1D9A5F5100C2AE71 /* IQKeyboardManagerConstants.swift in Sources */ = {isa = PBXBuildFile; fileRef = 65914A631D9A5F5100C2AE71 /* IQKeyboardManagerConstants.swift */; };
		65914A801D9A5F5100C2AE71 /* IQKeyboardManagerConstantsInternal.swift in Sources */ = {isa = PBXBuildFile; fileRef = 65914A641D9A5F5100C2AE71 /* IQKeyboardManagerConstantsInternal.swift */; };
		65914A811D9A5F5100C2AE71 /* IQKeyboardManagerConstantsInternal.swift in Sources */ = {isa = PBXBuildFile; fileRef = 65914A641D9A5F5100C2AE71 /* IQKeyboardManagerConstantsInternal.swift */; };
		65914A821D9A5F5100C2AE71 /* IQKeyboardManager.swift in Sources */ = {isa = PBXBuildFile; fileRef = 65914A651D9A5F5100C2AE71 /* IQKeyboardManager.swift */; };
		65914A831D9A5F5100C2AE71 /* IQKeyboardManager.swift in Sources */ = {isa = PBXBuildFile; fileRef = 65914A651D9A5F5100C2AE71 /* IQKeyboardManager.swift */; };
		65914A841D9A5F5100C2AE71 /* IQKeyboardReturnKeyHandler.swift in Sources */ = {isa = PBXBuildFile; fileRef = 65914A671D9A5F5100C2AE71 /* IQKeyboardReturnKeyHandler.swift */; };
		65914A851D9A5F5100C2AE71 /* IQKeyboardReturnKeyHandler.swift in Sources */ = {isa = PBXBuildFile; fileRef = 65914A671D9A5F5100C2AE71 /* IQKeyboardReturnKeyHandler.swift */; };
		65914A861D9A5F5100C2AE71 /* IQTextView.swift in Sources */ = {isa = PBXBuildFile; fileRef = 65914A691D9A5F5100C2AE71 /* IQTextView.swift */; };
		65914A871D9A5F5100C2AE71 /* IQTextView.swift in Sources */ = {isa = PBXBuildFile; fileRef = 65914A691D9A5F5100C2AE71 /* IQTextView.swift */; };
		65914A881D9A5F5100C2AE71 /* IQBarButtonItem.swift in Sources */ = {isa = PBXBuildFile; fileRef = 65914A6B1D9A5F5100C2AE71 /* IQBarButtonItem.swift */; };
		65914A891D9A5F5100C2AE71 /* IQBarButtonItem.swift in Sources */ = {isa = PBXBuildFile; fileRef = 65914A6B1D9A5F5100C2AE71 /* IQBarButtonItem.swift */; };
		65914A8A1D9A5F5100C2AE71 /* IQPreviousNextView.swift in Sources */ = {isa = PBXBuildFile; fileRef = 65914A6C1D9A5F5100C2AE71 /* IQPreviousNextView.swift */; };
		65914A8B1D9A5F5100C2AE71 /* IQPreviousNextView.swift in Sources */ = {isa = PBXBuildFile; fileRef = 65914A6C1D9A5F5100C2AE71 /* IQPreviousNextView.swift */; };
		65914A8C1D9A5F5100C2AE71 /* IQTitleBarButtonItem.swift in Sources */ = {isa = PBXBuildFile; fileRef = 65914A6D1D9A5F5100C2AE71 /* IQTitleBarButtonItem.swift */; };
		65914A8D1D9A5F5100C2AE71 /* IQTitleBarButtonItem.swift in Sources */ = {isa = PBXBuildFile; fileRef = 65914A6D1D9A5F5100C2AE71 /* IQTitleBarButtonItem.swift */; };
		65914A8E1D9A5F5100C2AE71 /* IQToolbar.swift in Sources */ = {isa = PBXBuildFile; fileRef = 65914A6E1D9A5F5100C2AE71 /* IQToolbar.swift */; };
		65914A8F1D9A5F5100C2AE71 /* IQToolbar.swift in Sources */ = {isa = PBXBuildFile; fileRef = 65914A6E1D9A5F5100C2AE71 /* IQToolbar.swift */; };
		65914A901D9A5F5100C2AE71 /* IQUIView+IQKeyboardToolbar.swift in Sources */ = {isa = PBXBuildFile; fileRef = 65914A6F1D9A5F5100C2AE71 /* IQUIView+IQKeyboardToolbar.swift */; };
		65914A911D9A5F5100C2AE71 /* IQUIView+IQKeyboardToolbar.swift in Sources */ = {isa = PBXBuildFile; fileRef = 65914A6F1D9A5F5100C2AE71 /* IQUIView+IQKeyboardToolbar.swift */; };
		65914A921D9A5F5100C2AE71 /* IQKeyboardManager.bundle in Resources */ = {isa = PBXBuildFile; fileRef = 65914A711D9A5F5100C2AE71 /* IQKeyboardManager.bundle */; };
		65914A931D9A5F5100C2AE71 /* IQKeyboardManager.bundle in Resources */ = {isa = PBXBuildFile; fileRef = 65914A711D9A5F5100C2AE71 /* IQKeyboardManager.bundle */; };
		65C6B3801D65913800310FF8 /* NotesViewController.swift in Sources */ = {isa = PBXBuildFile; fileRef = 65C6B37F1D65913800310FF8 /* NotesViewController.swift */; };
/* End PBXBuildFile section */

/* Begin PBXContainerItemProxy section */
		6535190B1D6BF72700294A64 /* PBXContainerItemProxy */ = {
			isa = PBXContainerItemProxy;
			containerPortal = 6518750B1D53000F006C8D82 /* Project object */;
			proxyType = 1;
			remoteGlobalIDString = 651875121D53000F006C8D82;
			remoteInfo = Notes;
		};
/* End PBXContainerItemProxy section */

/* Begin PBXFileReference section */
		651875131D53000F006C8D82 /* Notes.app */ = {isa = PBXFileReference; explicitFileType = wrapper.application; includeInIndex = 0; path = Notes.app; sourceTree = BUILT_PRODUCTS_DIR; };
		651875161D53000F006C8D82 /* AppDelegate.swift */ = {isa = PBXFileReference; lastKnownFileType = sourcecode.swift; path = AppDelegate.swift; sourceTree = "<group>"; };
		6518751B1D53000F006C8D82 /* Base */ = {isa = PBXFileReference; lastKnownFileType = file.storyboard; name = Base; path = Base.lproj/Main.storyboard; sourceTree = "<group>"; };
		6518751D1D53000F006C8D82 /* Assets.xcassets */ = {isa = PBXFileReference; lastKnownFileType = folder.assetcatalog; path = Assets.xcassets; sourceTree = "<group>"; };
		651875201D53000F006C8D82 /* Base */ = {isa = PBXFileReference; lastKnownFileType = file.storyboard; name = Base; path = Base.lproj/LaunchScreen.storyboard; sourceTree = "<group>"; };
		651875221D53000F006C8D82 /* Info.plist */ = {isa = PBXFileReference; lastKnownFileType = text.plist.xml; path = Info.plist; sourceTree = "<group>"; };
		651875281D53A354006C8D82 /* NotesTableViewController.swift */ = {isa = PBXFileReference; fileEncoding = 4; lastKnownFileType = sourcecode.swift; path = NotesTableViewController.swift; sourceTree = "<group>"; };
		653518FE1D6BE9F400294A64 /* Notes.swift */ = {isa = PBXFileReference; fileEncoding = 4; lastKnownFileType = sourcecode.swift; path = Notes.swift; sourceTree = "<group>"; };
		653519061D6BF72700294A64 /* NotesTests.xctest */ = {isa = PBXFileReference; explicitFileType = wrapper.cfbundle; includeInIndex = 0; path = NotesTests.xctest; sourceTree = BUILT_PRODUCTS_DIR; };
		653519081D6BF72700294A64 /* NotesTests.swift */ = {isa = PBXFileReference; lastKnownFileType = sourcecode.swift; path = NotesTests.swift; sourceTree = "<group>"; };
		6535190A1D6BF72700294A64 /* Info.plist */ = {isa = PBXFileReference; lastKnownFileType = text.plist.xml; path = Info.plist; sourceTree = "<group>"; };
		6541BF6D1D95406F00DF2A58 /* Info.plist */ = {isa = PBXFileReference; fileEncoding = 4; lastKnownFileType = text.plist.xml; path = Info.plist; sourceTree = "<group>"; };
		6541BF6E1D95406F00DF2A58 /* SwiftyMarkdown.h */ = {isa = PBXFileReference; fileEncoding = 4; lastKnownFileType = sourcecode.c.h; path = SwiftyMarkdown.h; sourceTree = "<group>"; };
		6541BF6F1D95406F00DF2A58 /* SwiftyMarkdown.swift */ = {isa = PBXFileReference; fileEncoding = 4; lastKnownFileType = sourcecode.swift; path = SwiftyMarkdown.swift; sourceTree = "<group>"; };
		655F2C681D958EA400550C05 /* MarkdownNotesViewController.swift */ = {isa = PBXFileReference; fileEncoding = 4; lastKnownFileType = sourcecode.swift; path = MarkdownNotesViewController.swift; sourceTree = "<group>"; };
		65610CC71D54667A003E0882 /* NotesTableViewCell.swift */ = {isa = PBXFileReference; fileEncoding = 4; lastKnownFileType = sourcecode.swift; path = NotesTableViewCell.swift; sourceTree = "<group>"; };
		65914A5C1D9A5F5100C2AE71 /* IQNSArray+Sort.swift */ = {isa = PBXFileReference; fileEncoding = 4; lastKnownFileType = sourcecode.swift; path = "IQNSArray+Sort.swift"; sourceTree = "<group>"; };
		65914A5D1D9A5F5100C2AE71 /* IQUIScrollView+Additions.swift */ = {isa = PBXFileReference; fileEncoding = 4; lastKnownFileType = sourcecode.swift; path = "IQUIScrollView+Additions.swift"; sourceTree = "<group>"; };
		65914A5E1D9A5F5100C2AE71 /* IQUITextFieldView+Additions.swift */ = {isa = PBXFileReference; fileEncoding = 4; lastKnownFileType = sourcecode.swift; path = "IQUITextFieldView+Additions.swift"; sourceTree = "<group>"; };
		65914A5F1D9A5F5100C2AE71 /* IQUIView+Hierarchy.swift */ = {isa = PBXFileReference; fileEncoding = 4; lastKnownFileType = sourcecode.swift; path = "IQUIView+Hierarchy.swift"; sourceTree = "<group>"; };
		65914A601D9A5F5100C2AE71 /* IQUIViewController+Additions.swift */ = {isa = PBXFileReference; fileEncoding = 4; lastKnownFileType = sourcecode.swift; path = "IQUIViewController+Additions.swift"; sourceTree = "<group>"; };
		65914A611D9A5F5100C2AE71 /* IQUIWindow+Hierarchy.swift */ = {isa = PBXFileReference; fileEncoding = 4; lastKnownFileType = sourcecode.swift; path = "IQUIWindow+Hierarchy.swift"; sourceTree = "<group>"; };
		65914A631D9A5F5100C2AE71 /* IQKeyboardManagerConstants.swift */ = {isa = PBXFileReference; fileEncoding = 4; lastKnownFileType = sourcecode.swift; path = IQKeyboardManagerConstants.swift; sourceTree = "<group>"; };
		65914A641D9A5F5100C2AE71 /* IQKeyboardManagerConstantsInternal.swift */ = {isa = PBXFileReference; fileEncoding = 4; lastKnownFileType = sourcecode.swift; path = IQKeyboardManagerConstantsInternal.swift; sourceTree = "<group>"; };
		65914A651D9A5F5100C2AE71 /* IQKeyboardManager.swift */ = {isa = PBXFileReference; fileEncoding = 4; lastKnownFileType = sourcecode.swift; path = IQKeyboardManager.swift; sourceTree = "<group>"; };
		65914A661D9A5F5100C2AE71 /* IQKeyboardManagerSwift.h */ = {isa = PBXFileReference; fileEncoding = 4; lastKnownFileType = sourcecode.c.h; path = IQKeyboardManagerSwift.h; sourceTree = "<group>"; };
		65914A671D9A5F5100C2AE71 /* IQKeyboardReturnKeyHandler.swift */ = {isa = PBXFileReference; fileEncoding = 4; lastKnownFileType = sourcecode.swift; path = IQKeyboardReturnKeyHandler.swift; sourceTree = "<group>"; };
		65914A691D9A5F5100C2AE71 /* IQTextView.swift */ = {isa = PBXFileReference; fileEncoding = 4; lastKnownFileType = sourcecode.swift; path = IQTextView.swift; sourceTree = "<group>"; };
		65914A6B1D9A5F5100C2AE71 /* IQBarButtonItem.swift */ = {isa = PBXFileReference; fileEncoding = 4; lastKnownFileType = sourcecode.swift; path = IQBarButtonItem.swift; sourceTree = "<group>"; };
		65914A6C1D9A5F5100C2AE71 /* IQPreviousNextView.swift */ = {isa = PBXFileReference; fileEncoding = 4; lastKnownFileType = sourcecode.swift; path = IQPreviousNextView.swift; sourceTree = "<group>"; };
		65914A6D1D9A5F5100C2AE71 /* IQTitleBarButtonItem.swift */ = {isa = PBXFileReference; fileEncoding = 4; lastKnownFileType = sourcecode.swift; path = IQTitleBarButtonItem.swift; sourceTree = "<group>"; };
		65914A6E1D9A5F5100C2AE71 /* IQToolbar.swift */ = {isa = PBXFileReference; fileEncoding = 4; lastKnownFileType = sourcecode.swift; path = IQToolbar.swift; sourceTree = "<group>"; };
		65914A6F1D9A5F5100C2AE71 /* IQUIView+IQKeyboardToolbar.swift */ = {isa = PBXFileReference; fileEncoding = 4; lastKnownFileType = sourcecode.swift; path = "IQUIView+IQKeyboardToolbar.swift"; sourceTree = "<group>"; };
		65914A711D9A5F5100C2AE71 /* IQKeyboardManager.bundle */ = {isa = PBXFileReference; lastKnownFileType = "wrapper.plug-in"; path = IQKeyboardManager.bundle; sourceTree = "<group>"; };
		65C6B37F1D65913800310FF8 /* NotesViewController.swift */ = {isa = PBXFileReference; fileEncoding = 4; lastKnownFileType = sourcecode.swift; path = NotesViewController.swift; sourceTree = "<group>"; };
/* End PBXFileReference section */

/* Begin PBXFrameworksBuildPhase section */
		651875101D53000F006C8D82 /* Frameworks */ = {
			isa = PBXFrameworksBuildPhase;
			buildActionMask = 2147483647;
			files = (
			);
			runOnlyForDeploymentPostprocessing = 0;
		};
		653519031D6BF72700294A64 /* Frameworks */ = {
			isa = PBXFrameworksBuildPhase;
			buildActionMask = 2147483647;
			files = (
			);
			runOnlyForDeploymentPostprocessing = 0;
		};
/* End PBXFrameworksBuildPhase section */

/* Begin PBXGroup section */
		6518750A1D53000F006C8D82 = {
			isa = PBXGroup;
			children = (
				651875151D53000F006C8D82 /* Notes */,
				653519071D6BF72700294A64 /* NotesTests */,
				651875141D53000F006C8D82 /* Products */,
			);
			sourceTree = "<group>";
		};
		651875141D53000F006C8D82 /* Products */ = {
			isa = PBXGroup;
			children = (
				651875131D53000F006C8D82 /* Notes.app */,
				653519061D6BF72700294A64 /* NotesTests.xctest */,
			);
			name = Products;
			sourceTree = "<group>";
		};
		651875151D53000F006C8D82 /* Notes */ = {
			isa = PBXGroup;
			children = (
				65914A5A1D9A5F5100C2AE71 /* IQKeyboardManagerSwift */,
				6541BF6C1D95406F00DF2A58 /* SwiftyMarkdown */,
				651875161D53000F006C8D82 /* AppDelegate.swift */,
				6518751A1D53000F006C8D82 /* Main.storyboard */,
				653518FE1D6BE9F400294A64 /* Notes.swift */,
				65C6B37F1D65913800310FF8 /* NotesViewController.swift */,
				655F2C681D958EA400550C05 /* MarkdownNotesViewController.swift */,
				65610CC71D54667A003E0882 /* NotesTableViewCell.swift */,
				651875281D53A354006C8D82 /* NotesTableViewController.swift */,
				6518751D1D53000F006C8D82 /* Assets.xcassets */,
				6518751F1D53000F006C8D82 /* LaunchScreen.storyboard */,
				651875221D53000F006C8D82 /* Info.plist */,
			);
			path = Notes;
			sourceTree = "<group>";
		};
		653519071D6BF72700294A64 /* NotesTests */ = {
			isa = PBXGroup;
			children = (
				653519081D6BF72700294A64 /* NotesTests.swift */,
				6535190A1D6BF72700294A64 /* Info.plist */,
			);
			path = NotesTests;
			sourceTree = "<group>";
		};
		6541BF6C1D95406F00DF2A58 /* SwiftyMarkdown */ = {
			isa = PBXGroup;
			children = (
				6541BF6D1D95406F00DF2A58 /* Info.plist */,
				6541BF6E1D95406F00DF2A58 /* SwiftyMarkdown.h */,
				6541BF6F1D95406F00DF2A58 /* SwiftyMarkdown.swift */,
			);
			path = SwiftyMarkdown;
			sourceTree = "<group>";
		};
		65914A5A1D9A5F5100C2AE71 /* IQKeyboardManagerSwift */ = {
			isa = PBXGroup;
			children = (
				65914A5B1D9A5F5100C2AE71 /* Categories */,
				65914A621D9A5F5100C2AE71 /* Constants */,
				65914A651D9A5F5100C2AE71 /* IQKeyboardManager.swift */,
				65914A661D9A5F5100C2AE71 /* IQKeyboardManagerSwift.h */,
				65914A671D9A5F5100C2AE71 /* IQKeyboardReturnKeyHandler.swift */,
				65914A681D9A5F5100C2AE71 /* IQTextView */,
				65914A6A1D9A5F5100C2AE71 /* IQToolbar */,
				65914A701D9A5F5100C2AE71 /* Resources */,
			);
			path = IQKeyboardManagerSwift;
			sourceTree = "<group>";
		};
		65914A5B1D9A5F5100C2AE71 /* Categories */ = {
			isa = PBXGroup;
			children = (
				65914A5C1D9A5F5100C2AE71 /* IQNSArray+Sort.swift */,
				65914A5D1D9A5F5100C2AE71 /* IQUIScrollView+Additions.swift */,
				65914A5E1D9A5F5100C2AE71 /* IQUITextFieldView+Additions.swift */,
				65914A5F1D9A5F5100C2AE71 /* IQUIView+Hierarchy.swift */,
				65914A601D9A5F5100C2AE71 /* IQUIViewController+Additions.swift */,
				65914A611D9A5F5100C2AE71 /* IQUIWindow+Hierarchy.swift */,
			);
			path = Categories;
			sourceTree = "<group>";
		};
		65914A621D9A5F5100C2AE71 /* Constants */ = {
			isa = PBXGroup;
			children = (
				65914A631D9A5F5100C2AE71 /* IQKeyboardManagerConstants.swift */,
				65914A641D9A5F5100C2AE71 /* IQKeyboardManagerConstantsInternal.swift */,
			);
			path = Constants;
			sourceTree = "<group>";
		};
		65914A681D9A5F5100C2AE71 /* IQTextView */ = {
			isa = PBXGroup;
			children = (
				65914A691D9A5F5100C2AE71 /* IQTextView.swift */,
			);
			path = IQTextView;
			sourceTree = "<group>";
		};
		65914A6A1D9A5F5100C2AE71 /* IQToolbar */ = {
			isa = PBXGroup;
			children = (
				65914A6B1D9A5F5100C2AE71 /* IQBarButtonItem.swift */,
				65914A6C1D9A5F5100C2AE71 /* IQPreviousNextView.swift */,
				65914A6D1D9A5F5100C2AE71 /* IQTitleBarButtonItem.swift */,
				65914A6E1D9A5F5100C2AE71 /* IQToolbar.swift */,
				65914A6F1D9A5F5100C2AE71 /* IQUIView+IQKeyboardToolbar.swift */,
			);
			path = IQToolbar;
			sourceTree = "<group>";
		};
		65914A701D9A5F5100C2AE71 /* Resources */ = {
			isa = PBXGroup;
			children = (
				65914A711D9A5F5100C2AE71 /* IQKeyboardManager.bundle */,
			);
			path = Resources;
			sourceTree = "<group>";
		};
/* End PBXGroup section */

/* Begin PBXNativeTarget section */
		651875121D53000F006C8D82 /* Notes */ = {
			isa = PBXNativeTarget;
			buildConfigurationList = 651875251D53000F006C8D82 /* Build configuration list for PBXNativeTarget "Notes" */;
			buildPhases = (
				6518750F1D53000F006C8D82 /* Sources */,
				651875101D53000F006C8D82 /* Frameworks */,
				651875111D53000F006C8D82 /* Resources */,
				65610CC61D5452DC003E0882 /* ShellScript */,
			);
			buildRules = (
			);
			dependencies = (
			);
			name = Notes;
			productName = Notes;
			productReference = 651875131D53000F006C8D82 /* Notes.app */;
			productType = "com.apple.product-type.application";
		};
		653519051D6BF72700294A64 /* NotesTests */ = {
			isa = PBXNativeTarget;
			buildConfigurationList = 6535190D1D6BF72700294A64 /* Build configuration list for PBXNativeTarget "NotesTests" */;
			buildPhases = (
				653519021D6BF72700294A64 /* Sources */,
				653519031D6BF72700294A64 /* Frameworks */,
				653519041D6BF72700294A64 /* Resources */,
			);
			buildRules = (
			);
			dependencies = (
				6535190C1D6BF72700294A64 /* PBXTargetDependency */,
			);
			name = NotesTests;
			productName = NotesTests;
			productReference = 653519061D6BF72700294A64 /* NotesTests.xctest */;
			productType = "com.apple.product-type.bundle.unit-test";
		};
/* End PBXNativeTarget section */

/* Begin PBXProject section */
		6518750B1D53000F006C8D82 /* Project object */ = {
			isa = PBXProject;
			attributes = {
				LastSwiftUpdateCheck = 0730;
				LastUpgradeCheck = 0800;
				ORGANIZATIONNAME = "Yohannes Wijaya";
				TargetAttributes = {
					651875121D53000F006C8D82 = {
						CreatedOnToolsVersion = 7.3.1;
						DevelopmentTeam = 4Z5JKF2M6S;
						LastSwiftMigration = 0800;
					};
					653519051D6BF72700294A64 = {
						CreatedOnToolsVersion = 7.3.1;
						LastSwiftMigration = 0800;
						TestTargetID = 651875121D53000F006C8D82;
					};
				};
			};
			buildConfigurationList = 6518750E1D53000F006C8D82 /* Build configuration list for PBXProject "Notes" */;
			compatibilityVersion = "Xcode 3.2";
			developmentRegion = English;
			hasScannedForEncodings = 0;
			knownRegions = (
				en,
				Base,
			);
			mainGroup = 6518750A1D53000F006C8D82;
			productRefGroup = 651875141D53000F006C8D82 /* Products */;
			projectDirPath = "";
			projectRoot = "";
			targets = (
				651875121D53000F006C8D82 /* Notes */,
				653519051D6BF72700294A64 /* NotesTests */,
			);
		};
/* End PBXProject section */

/* Begin PBXResourcesBuildPhase section */
		651875111D53000F006C8D82 /* Resources */ = {
			isa = PBXResourcesBuildPhase;
			buildActionMask = 2147483647;
			files = (
				65914A921D9A5F5100C2AE71 /* IQKeyboardManager.bundle in Resources */,
				6541BF701D95406F00DF2A58 /* Info.plist in Resources */,
				651875211D53000F006C8D82 /* LaunchScreen.storyboard in Resources */,
				6518751E1D53000F006C8D82 /* Assets.xcassets in Resources */,
				6518751C1D53000F006C8D82 /* Main.storyboard in Resources */,
			);
			runOnlyForDeploymentPostprocessing = 0;
		};
		653519041D6BF72700294A64 /* Resources */ = {
			isa = PBXResourcesBuildPhase;
			buildActionMask = 2147483647;
			files = (
				65914A931D9A5F5100C2AE71 /* IQKeyboardManager.bundle in Resources */,
				6541BF711D95406F00DF2A58 /* Info.plist in Resources */,
			);
			runOnlyForDeploymentPostprocessing = 0;
		};
/* End PBXResourcesBuildPhase section */

/* Begin PBXShellScriptBuildPhase section */
		65610CC61D5452DC003E0882 /* ShellScript */ = {
			isa = PBXShellScriptBuildPhase;
			buildActionMask = 2147483647;
			files = (
			);
			inputPaths = (
			);
			outputPaths = (
			);
			runOnlyForDeploymentPostprocessing = 0;
			shellPath = /bin/sh;
			shellScript = "TAGS=\"TODO:|FIXME:\"\nERRORTAG=\"ERROR:\"\nfind \"${SRCROOT}\" \\( -name \"*.h\" -or -name \"*.m\" -or -name \"*.swift\" \\) -print0 | xargs -0 egrep --with-filename --line-number --only-matching \"($TAGS).*\\$|($ERRORTAG).*\\$\" | perl -p -e \"s/($TAGS)/ warning: \\$1/\" | perl -p -e \"s/($ERRORTAG)/ error: \\$1/\"";
		};
/* End PBXShellScriptBuildPhase section */

/* Begin PBXSourcesBuildPhase section */
		6518750F1D53000F006C8D82 /* Sources */ = {
			isa = PBXSourcesBuildPhase;
			buildActionMask = 2147483647;
			files = (
				65914A781D9A5F5100C2AE71 /* IQUIView+Hierarchy.swift in Sources */,
				65914A761D9A5F5100C2AE71 /* IQUITextFieldView+Additions.swift in Sources */,
				65C6B3801D65913800310FF8 /* NotesViewController.swift in Sources */,
				65914A881D9A5F5100C2AE71 /* IQBarButtonItem.swift in Sources */,
				655F2C691D958EA400550C05 /* MarkdownNotesViewController.swift in Sources */,
				653518FF1D6BE9F400294A64 /* Notes.swift in Sources */,
				65914A8C1D9A5F5100C2AE71 /* IQTitleBarButtonItem.swift in Sources */,
				65914A801D9A5F5100C2AE71 /* IQKeyboardManagerConstantsInternal.swift in Sources */,
				65914A841D9A5F5100C2AE71 /* IQKeyboardReturnKeyHandler.swift in Sources */,
				651875171D53000F006C8D82 /* AppDelegate.swift in Sources */,
				65914A7A1D9A5F5100C2AE71 /* IQUIViewController+Additions.swift in Sources */,
				65914A901D9A5F5100C2AE71 /* IQUIView+IQKeyboardToolbar.swift in Sources */,
				65914A821D9A5F5100C2AE71 /* IQKeyboardManager.swift in Sources */,
				65914A721D9A5F5100C2AE71 /* IQNSArray+Sort.swift in Sources */,
				65914A861D9A5F5100C2AE71 /* IQTextView.swift in Sources */,
				65914A7E1D9A5F5100C2AE71 /* IQKeyboardManagerConstants.swift in Sources */,
				651875291D53A354006C8D82 /* NotesTableViewController.swift in Sources */,
				6541BF721D95406F00DF2A58 /* SwiftyMarkdown.swift in Sources */,
				65914A8E1D9A5F5100C2AE71 /* IQToolbar.swift in Sources */,
				65914A8A1D9A5F5100C2AE71 /* IQPreviousNextView.swift in Sources */,
				65914A7C1D9A5F5100C2AE71 /* IQUIWindow+Hierarchy.swift in Sources */,
				65610CC81D54667A003E0882 /* NotesTableViewCell.swift in Sources */,
				65914A741D9A5F5100C2AE71 /* IQUIScrollView+Additions.swift in Sources */,
			);
			runOnlyForDeploymentPostprocessing = 0;
		};
		653519021D6BF72700294A64 /* Sources */ = {
			isa = PBXSourcesBuildPhase;
			buildActionMask = 2147483647;
			files = (
				65914A791D9A5F5100C2AE71 /* IQUIView+Hierarchy.swift in Sources */,
				65914A7F1D9A5F5100C2AE71 /* IQKeyboardManagerConstants.swift in Sources */,
				65914A8F1D9A5F5100C2AE71 /* IQToolbar.swift in Sources */,
				65914A851D9A5F5100C2AE71 /* IQKeyboardReturnKeyHandler.swift in Sources */,
				653519091D6BF72700294A64 /* NotesTests.swift in Sources */,
				65914A731D9A5F5100C2AE71 /* IQNSArray+Sort.swift in Sources */,
				65914A871D9A5F5100C2AE71 /* IQTextView.swift in Sources */,
				65914A831D9A5F5100C2AE71 /* IQKeyboardManager.swift in Sources */,
				65914A7B1D9A5F5100C2AE71 /* IQUIViewController+Additions.swift in Sources */,
				655F2C6A1D958EA400550C05 /* MarkdownNotesViewController.swift in Sources */,
				65914A8D1D9A5F5100C2AE71 /* IQTitleBarButtonItem.swift in Sources */,
				65914A7D1D9A5F5100C2AE71 /* IQUIWindow+Hierarchy.swift in Sources */,
				65914A891D9A5F5100C2AE71 /* IQBarButtonItem.swift in Sources */,
				6541BF731D95406F00DF2A58 /* SwiftyMarkdown.swift in Sources */,
				653519111D6BFB1100294A64 /* Notes.swift in Sources */,
				65914A771D9A5F5100C2AE71 /* IQUITextFieldView+Additions.swift in Sources */,
				65914A751D9A5F5100C2AE71 /* IQUIScrollView+Additions.swift in Sources */,
				65914A8B1D9A5F5100C2AE71 /* IQPreviousNextView.swift in Sources */,
				65914A911D9A5F5100C2AE71 /* IQUIView+IQKeyboardToolbar.swift in Sources */,
				65914A811D9A5F5100C2AE71 /* IQKeyboardManagerConstantsInternal.swift in Sources */,
			);
			runOnlyForDeploymentPostprocessing = 0;
		};
/* End PBXSourcesBuildPhase section */

/* Begin PBXTargetDependency section */
		6535190C1D6BF72700294A64 /* PBXTargetDependency */ = {
			isa = PBXTargetDependency;
			target = 651875121D53000F006C8D82 /* Notes */;
			targetProxy = 6535190B1D6BF72700294A64 /* PBXContainerItemProxy */;
		};
/* End PBXTargetDependency section */

/* Begin PBXVariantGroup section */
		6518751A1D53000F006C8D82 /* Main.storyboard */ = {
			isa = PBXVariantGroup;
			children = (
				6518751B1D53000F006C8D82 /* Base */,
			);
			name = Main.storyboard;
			sourceTree = "<group>";
		};
		6518751F1D53000F006C8D82 /* LaunchScreen.storyboard */ = {
			isa = PBXVariantGroup;
			children = (
				651875201D53000F006C8D82 /* Base */,
			);
			name = LaunchScreen.storyboard;
			sourceTree = "<group>";
		};
/* End PBXVariantGroup section */

/* Begin XCBuildConfiguration section */
		651875231D53000F006C8D82 /* Debug */ = {
			isa = XCBuildConfiguration;
			buildSettings = {
				ALWAYS_SEARCH_USER_PATHS = NO;
				CLANG_ANALYZER_NONNULL = YES;
				CLANG_CXX_LANGUAGE_STANDARD = "gnu++0x";
				CLANG_CXX_LIBRARY = "libc++";
				CLANG_ENABLE_MODULES = YES;
				CLANG_ENABLE_OBJC_ARC = YES;
				CLANG_WARN_BOOL_CONVERSION = YES;
				CLANG_WARN_CONSTANT_CONVERSION = YES;
				CLANG_WARN_DIRECT_OBJC_ISA_USAGE = YES_ERROR;
				CLANG_WARN_EMPTY_BODY = YES;
				CLANG_WARN_ENUM_CONVERSION = YES;
				CLANG_WARN_INFINITE_RECURSION = YES;
				CLANG_WARN_INT_CONVERSION = YES;
				CLANG_WARN_OBJC_ROOT_CLASS = YES_ERROR;
				CLANG_WARN_SUSPICIOUS_MOVE = YES;
				CLANG_WARN_UNREACHABLE_CODE = YES;
				CLANG_WARN__DUPLICATE_METHOD_MATCH = YES;
				"CODE_SIGN_IDENTITY[sdk=iphoneos*]" = "iPhone Developer";
				COPY_PHASE_STRIP = NO;
				DEBUG_INFORMATION_FORMAT = dwarf;
				ENABLE_STRICT_OBJC_MSGSEND = YES;
				ENABLE_TESTABILITY = YES;
				GCC_C_LANGUAGE_STANDARD = gnu99;
				GCC_DYNAMIC_NO_PIC = NO;
				GCC_NO_COMMON_BLOCKS = YES;
				GCC_OPTIMIZATION_LEVEL = 0;
				GCC_PREPROCESSOR_DEFINITIONS = (
					"DEBUG=1",
					"$(inherited)",
				);
				GCC_WARN_64_TO_32_BIT_CONVERSION = YES;
				GCC_WARN_ABOUT_RETURN_TYPE = YES_ERROR;
				GCC_WARN_UNDECLARED_SELECTOR = YES;
				GCC_WARN_UNINITIALIZED_AUTOS = YES_AGGRESSIVE;
				GCC_WARN_UNUSED_FUNCTION = YES;
				GCC_WARN_UNUSED_VARIABLE = YES;
				IPHONEOS_DEPLOYMENT_TARGET = 10.0;
				MTL_ENABLE_DEBUG_INFO = YES;
				ONLY_ACTIVE_ARCH = YES;
				SDKROOT = iphoneos;
				SWIFT_OPTIMIZATION_LEVEL = "-Onone";
			};
			name = Debug;
		};
		651875241D53000F006C8D82 /* Release */ = {
			isa = XCBuildConfiguration;
			buildSettings = {
				ALWAYS_SEARCH_USER_PATHS = NO;
				CLANG_ANALYZER_NONNULL = YES;
				CLANG_CXX_LANGUAGE_STANDARD = "gnu++0x";
				CLANG_CXX_LIBRARY = "libc++";
				CLANG_ENABLE_MODULES = YES;
				CLANG_ENABLE_OBJC_ARC = YES;
				CLANG_WARN_BOOL_CONVERSION = YES;
				CLANG_WARN_CONSTANT_CONVERSION = YES;
				CLANG_WARN_DIRECT_OBJC_ISA_USAGE = YES_ERROR;
				CLANG_WARN_EMPTY_BODY = YES;
				CLANG_WARN_ENUM_CONVERSION = YES;
				CLANG_WARN_INFINITE_RECURSION = YES;
				CLANG_WARN_INT_CONVERSION = YES;
				CLANG_WARN_OBJC_ROOT_CLASS = YES_ERROR;
				CLANG_WARN_SUSPICIOUS_MOVE = YES;
				CLANG_WARN_UNREACHABLE_CODE = YES;
				CLANG_WARN__DUPLICATE_METHOD_MATCH = YES;
				"CODE_SIGN_IDENTITY[sdk=iphoneos*]" = "iPhone Developer";
				COPY_PHASE_STRIP = NO;
				DEBUG_INFORMATION_FORMAT = "dwarf-with-dsym";
				ENABLE_NS_ASSERTIONS = NO;
				ENABLE_STRICT_OBJC_MSGSEND = YES;
				GCC_C_LANGUAGE_STANDARD = gnu99;
				GCC_NO_COMMON_BLOCKS = YES;
				GCC_WARN_64_TO_32_BIT_CONVERSION = YES;
				GCC_WARN_ABOUT_RETURN_TYPE = YES_ERROR;
				GCC_WARN_UNDECLARED_SELECTOR = YES;
				GCC_WARN_UNINITIALIZED_AUTOS = YES_AGGRESSIVE;
				GCC_WARN_UNUSED_FUNCTION = YES;
				GCC_WARN_UNUSED_VARIABLE = YES;
				IPHONEOS_DEPLOYMENT_TARGET = 10.0;
				MTL_ENABLE_DEBUG_INFO = NO;
				SDKROOT = iphoneos;
				SWIFT_OPTIMIZATION_LEVEL = "-Owholemodule";
				VALIDATE_PRODUCT = YES;
			};
			name = Release;
		};
		651875261D53000F006C8D82 /* Debug */ = {
			isa = XCBuildConfiguration;
			buildSettings = {
				ASSETCATALOG_COMPILER_APPICON_NAME = AppIcon;
				DEVELOPMENT_TEAM = 4Z5JKF2M6S;
				INFOPLIST_FILE = Notes/Info.plist;
				IPHONEOS_DEPLOYMENT_TARGET = 10.0;
				LD_RUNPATH_SEARCH_PATHS = "$(inherited) @executable_path/Frameworks";
				PRODUCT_BUNDLE_IDENTIFIER = self.fearless.Notes;
				PRODUCT_NAME = "$(TARGET_NAME)";
				SWIFT_VERSION = 3.0;
			};
			name = Debug;
		};
		651875271D53000F006C8D82 /* Release */ = {
			isa = XCBuildConfiguration;
			buildSettings = {
				ASSETCATALOG_COMPILER_APPICON_NAME = AppIcon;
				DEVELOPMENT_TEAM = 4Z5JKF2M6S;
				INFOPLIST_FILE = Notes/Info.plist;
				IPHONEOS_DEPLOYMENT_TARGET = 10.0;
				LD_RUNPATH_SEARCH_PATHS = "$(inherited) @executable_path/Frameworks";
				PRODUCT_BUNDLE_IDENTIFIER = self.fearless.Notes;
				PRODUCT_NAME = "$(TARGET_NAME)";
				SWIFT_VERSION = 3.0;
			};
			name = Release;
		};
		6535190E1D6BF72700294A64 /* Debug */ = {
			isa = XCBuildConfiguration;
			buildSettings = {
				BUNDLE_LOADER = "$(TEST_HOST)";
				INFOPLIST_FILE = NotesTests/Info.plist;
				LD_RUNPATH_SEARCH_PATHS = "$(inherited) @executable_path/Frameworks @loader_path/Frameworks";
				PRODUCT_BUNDLE_IDENTIFIER = self.fearless.NotesTests;
				PRODUCT_NAME = "$(TARGET_NAME)";
				SWIFT_VERSION = 3.0;
				TEST_HOST = "$(BUILT_PRODUCTS_DIR)/Notes.app/Notes";
			};
			name = Debug;
		};
		6535190F1D6BF72700294A64 /* Release */ = {
			isa = XCBuildConfiguration;
			buildSettings = {
				BUNDLE_LOADER = "$(TEST_HOST)";
				INFOPLIST_FILE = NotesTests/Info.plist;
				LD_RUNPATH_SEARCH_PATHS = "$(inherited) @executable_path/Frameworks @loader_path/Frameworks";
				PRODUCT_BUNDLE_IDENTIFIER = self.fearless.NotesTests;
				PRODUCT_NAME = "$(TARGET_NAME)";
				SWIFT_VERSION = 3.0;
				TEST_HOST = "$(BUILT_PRODUCTS_DIR)/Notes.app/Notes";
			};
			name = Release;
		};
/* End XCBuildConfiguration section */

/* Begin XCConfigurationList section */
		6518750E1D53000F006C8D82 /* Build configuration list for PBXProject "Notes" */ = {
			isa = XCConfigurationList;
			buildConfigurations = (
				651875231D53000F006C8D82 /* Debug */,
				651875241D53000F006C8D82 /* Release */,
			);
			defaultConfigurationIsVisible = 0;
			defaultConfigurationName = Release;
		};
		651875251D53000F006C8D82 /* Build configuration list for PBXNativeTarget "Notes" */ = {
			isa = XCConfigurationList;
			buildConfigurations = (
				651875261D53000F006C8D82 /* Debug */,
				651875271D53000F006C8D82 /* Release */,
			);
			defaultConfigurationIsVisible = 0;
			defaultConfigurationName = Release;
		};
		6535190D1D6BF72700294A64 /* Build configuration list for PBXNativeTarget "NotesTests" */ = {
			isa = XCConfigurationList;
			buildConfigurations = (
				6535190E1D6BF72700294A64 /* Debug */,
				6535190F1D6BF72700294A64 /* Release */,
			);
			defaultConfigurationIsVisible = 0;
			defaultConfigurationName = Release;
		};
/* End XCConfigurationList section */
	};
	rootObject = 6518750B1D53000F006C8D82 /* Project object */;
}
