// !$*UTF8*$!
{
	archiveVersion = 1;
	classes = {
	};
	objectVersion = 46;
	objects = {

/* Begin PBXBuildFile section */
		6501C0391DC1F37B005DB2EC /* alert-round.png in Resources */ = {isa = PBXBuildFile; fileRef = 6501C0311DC1F37B005DB2EC /* alert-round.png */; };
		6501C03A1DC1F37B005DB2EC /* alert-round.png in Resources */ = {isa = PBXBuildFile; fileRef = 6501C0311DC1F37B005DB2EC /* alert-round.png */; };
		6501C03B1DC1F37B005DB2EC /* checkmark-round.png in Resources */ = {isa = PBXBuildFile; fileRef = 6501C0321DC1F37B005DB2EC /* checkmark-round.png */; };
		6501C03C1DC1F37B005DB2EC /* checkmark-round.png in Resources */ = {isa = PBXBuildFile; fileRef = 6501C0321DC1F37B005DB2EC /* checkmark-round.png */; };
		6501C03D1DC1F37B005DB2EC /* close-round.png in Resources */ = {isa = PBXBuildFile; fileRef = 6501C0331DC1F37B005DB2EC /* close-round.png */; };
		6501C03E1DC1F37B005DB2EC /* close-round.png in Resources */ = {isa = PBXBuildFile; fileRef = 6501C0331DC1F37B005DB2EC /* close-round.png */; };
		6501C03F1DC1F37B005DB2EC /* Colors.swift in Sources */ = {isa = PBXBuildFile; fileRef = 6501C0341DC1F37B005DB2EC /* Colors.swift */; };
		6501C0401DC1F37B005DB2EC /* Colors.swift in Sources */ = {isa = PBXBuildFile; fileRef = 6501C0341DC1F37B005DB2EC /* Colors.swift */; };
		6501C0411DC1F37B005DB2EC /* FCAlertView.swift in Sources */ = {isa = PBXBuildFile; fileRef = 6501C0361DC1F37B005DB2EC /* FCAlertView.swift */; };
		6501C0421DC1F37B005DB2EC /* FCAlertView.swift in Sources */ = {isa = PBXBuildFile; fileRef = 6501C0361DC1F37B005DB2EC /* FCAlertView.swift */; };
		6501C0431DC1F37B005DB2EC /* FCAlertViewDelegate.swift in Sources */ = {isa = PBXBuildFile; fileRef = 6501C0371DC1F37B005DB2EC /* FCAlertViewDelegate.swift */; };
		6501C0441DC1F37B005DB2EC /* FCAlertViewDelegate.swift in Sources */ = {isa = PBXBuildFile; fileRef = 6501C0371DC1F37B005DB2EC /* FCAlertViewDelegate.swift */; };
		6501C0451DC1F37B005DB2EC /* Info.plist in Resources */ = {isa = PBXBuildFile; fileRef = 6501C0381DC1F37B005DB2EC /* Info.plist */; };
		6501C0461DC1F37B005DB2EC /* Info.plist in Resources */ = {isa = PBXBuildFile; fileRef = 6501C0381DC1F37B005DB2EC /* Info.plist */; };
		651875171D53000F006C8D82 /* AppDelegate.swift in Sources */ = {isa = PBXBuildFile; fileRef = 651875161D53000F006C8D82 /* AppDelegate.swift */; };
		6518751C1D53000F006C8D82 /* Main.storyboard in Resources */ = {isa = PBXBuildFile; fileRef = 6518751A1D53000F006C8D82 /* Main.storyboard */; };
		6518751E1D53000F006C8D82 /* Assets.xcassets in Resources */ = {isa = PBXBuildFile; fileRef = 6518751D1D53000F006C8D82 /* Assets.xcassets */; };
		651875211D53000F006C8D82 /* LaunchScreen.storyboard in Resources */ = {isa = PBXBuildFile; fileRef = 6518751F1D53000F006C8D82 /* LaunchScreen.storyboard */; };
		651875291D53A354006C8D82 /* NotesTableViewController.swift in Sources */ = {isa = PBXBuildFile; fileRef = 651875281D53A354006C8D82 /* NotesTableViewController.swift */; };
		653518FF1D6BE9F400294A64 /* Notes.swift in Sources */ = {isa = PBXBuildFile; fileRef = 653518FE1D6BE9F400294A64 /* Notes.swift */; };
		653519091D6BF72700294A64 /* NotesTests.swift in Sources */ = {isa = PBXBuildFile; fileRef = 653519081D6BF72700294A64 /* NotesTests.swift */; };
		653519111D6BFB1100294A64 /* Notes.swift in Sources */ = {isa = PBXBuildFile; fileRef = 653518FE1D6BE9F400294A64 /* Notes.swift */; };
		655F2C691D958EA400550C05 /* MarkdownNotesViewController.swift in Sources */ = {isa = PBXBuildFile; fileRef = 655F2C681D958EA400550C05 /* MarkdownNotesViewController.swift */; };
		655F2C6A1D958EA400550C05 /* MarkdownNotesViewController.swift in Sources */ = {isa = PBXBuildFile; fileRef = 655F2C681D958EA400550C05 /* MarkdownNotesViewController.swift */; };
		65610CC81D54667A003E0882 /* NotesTableViewCell.swift in Sources */ = {isa = PBXBuildFile; fileRef = 65610CC71D54667A003E0882 /* NotesTableViewCell.swift */; };
		65AF74581D9B6C19009E1E1C /* MarkdownCodeEscaping.swift in Sources */ = {isa = PBXBuildFile; fileRef = 65AF74411D9B6C19009E1E1C /* MarkdownCodeEscaping.swift */; };
		65AF74591D9B6C19009E1E1C /* MarkdownCodeEscaping.swift in Sources */ = {isa = PBXBuildFile; fileRef = 65AF74411D9B6C19009E1E1C /* MarkdownCodeEscaping.swift */; };
		65AF745A1D9B6C19009E1E1C /* MarkdownEscaping.swift in Sources */ = {isa = PBXBuildFile; fileRef = 65AF74421D9B6C19009E1E1C /* MarkdownEscaping.swift */; };
		65AF745B1D9B6C19009E1E1C /* MarkdownEscaping.swift in Sources */ = {isa = PBXBuildFile; fileRef = 65AF74421D9B6C19009E1E1C /* MarkdownEscaping.swift */; };
		65AF745C1D9B6C19009E1E1C /* MarkdownUnescaping.swift in Sources */ = {isa = PBXBuildFile; fileRef = 65AF74431D9B6C19009E1E1C /* MarkdownUnescaping.swift */; };
		65AF745D1D9B6C19009E1E1C /* MarkdownUnescaping.swift in Sources */ = {isa = PBXBuildFile; fileRef = 65AF74431D9B6C19009E1E1C /* MarkdownUnescaping.swift */; };
		65AF745E1D9B6C19009E1E1C /* MarkdownAutomaticLink.swift in Sources */ = {isa = PBXBuildFile; fileRef = 65AF74441D9B6C19009E1E1C /* MarkdownAutomaticLink.swift */; };
		65AF745F1D9B6C19009E1E1C /* MarkdownAutomaticLink.swift in Sources */ = {isa = PBXBuildFile; fileRef = 65AF74441D9B6C19009E1E1C /* MarkdownAutomaticLink.swift */; };
		65AF74601D9B6C19009E1E1C /* MarkdownBold.swift in Sources */ = {isa = PBXBuildFile; fileRef = 65AF74451D9B6C19009E1E1C /* MarkdownBold.swift */; };
		65AF74611D9B6C19009E1E1C /* MarkdownBold.swift in Sources */ = {isa = PBXBuildFile; fileRef = 65AF74451D9B6C19009E1E1C /* MarkdownBold.swift */; };
		65AF74621D9B6C19009E1E1C /* MarkdownCode.swift in Sources */ = {isa = PBXBuildFile; fileRef = 65AF74461D9B6C19009E1E1C /* MarkdownCode.swift */; };
		65AF74631D9B6C19009E1E1C /* MarkdownCode.swift in Sources */ = {isa = PBXBuildFile; fileRef = 65AF74461D9B6C19009E1E1C /* MarkdownCode.swift */; };
		65AF74641D9B6C19009E1E1C /* MarkdownHeader.swift in Sources */ = {isa = PBXBuildFile; fileRef = 65AF74471D9B6C19009E1E1C /* MarkdownHeader.swift */; };
		65AF74651D9B6C19009E1E1C /* MarkdownHeader.swift in Sources */ = {isa = PBXBuildFile; fileRef = 65AF74471D9B6C19009E1E1C /* MarkdownHeader.swift */; };
		65AF74661D9B6C19009E1E1C /* MarkdownItalic.swift in Sources */ = {isa = PBXBuildFile; fileRef = 65AF74481D9B6C19009E1E1C /* MarkdownItalic.swift */; };
		65AF74671D9B6C19009E1E1C /* MarkdownItalic.swift in Sources */ = {isa = PBXBuildFile; fileRef = 65AF74481D9B6C19009E1E1C /* MarkdownItalic.swift */; };
		65AF74681D9B6C19009E1E1C /* MarkdownLink.swift in Sources */ = {isa = PBXBuildFile; fileRef = 65AF74491D9B6C19009E1E1C /* MarkdownLink.swift */; };
		65AF74691D9B6C19009E1E1C /* MarkdownLink.swift in Sources */ = {isa = PBXBuildFile; fileRef = 65AF74491D9B6C19009E1E1C /* MarkdownLink.swift */; };
		65AF746A1D9B6C19009E1E1C /* MarkdownList.swift in Sources */ = {isa = PBXBuildFile; fileRef = 65AF744A1D9B6C19009E1E1C /* MarkdownList.swift */; };
		65AF746B1D9B6C19009E1E1C /* MarkdownList.swift in Sources */ = {isa = PBXBuildFile; fileRef = 65AF744A1D9B6C19009E1E1C /* MarkdownList.swift */; };
		65AF746C1D9B6C19009E1E1C /* MarkdownQuote.swift in Sources */ = {isa = PBXBuildFile; fileRef = 65AF744B1D9B6C19009E1E1C /* MarkdownQuote.swift */; };
		65AF746D1D9B6C19009E1E1C /* MarkdownQuote.swift in Sources */ = {isa = PBXBuildFile; fileRef = 65AF744B1D9B6C19009E1E1C /* MarkdownQuote.swift */; };
		65AF746E1D9B6C19009E1E1C /* String+UTF16.swift in Sources */ = {isa = PBXBuildFile; fileRef = 65AF744D1D9B6C19009E1E1C /* String+UTF16.swift */; };
		65AF746F1D9B6C19009E1E1C /* String+UTF16.swift in Sources */ = {isa = PBXBuildFile; fileRef = 65AF744D1D9B6C19009E1E1C /* String+UTF16.swift */; };
		65AF74701D9B6C19009E1E1C /* UIFont+Traits.swift in Sources */ = {isa = PBXBuildFile; fileRef = 65AF744E1D9B6C19009E1E1C /* UIFont+Traits.swift */; };
		65AF74711D9B6C19009E1E1C /* UIFont+Traits.swift in Sources */ = {isa = PBXBuildFile; fileRef = 65AF744E1D9B6C19009E1E1C /* UIFont+Traits.swift */; };
		65AF74721D9B6C19009E1E1C /* MarkdownParser.swift in Sources */ = {isa = PBXBuildFile; fileRef = 65AF744F1D9B6C19009E1E1C /* MarkdownParser.swift */; };
		65AF74731D9B6C19009E1E1C /* MarkdownParser.swift in Sources */ = {isa = PBXBuildFile; fileRef = 65AF744F1D9B6C19009E1E1C /* MarkdownParser.swift */; };
		65AF74741D9B6C19009E1E1C /* MarkdownCommonElement.swift in Sources */ = {isa = PBXBuildFile; fileRef = 65AF74511D9B6C19009E1E1C /* MarkdownCommonElement.swift */; };
		65AF74751D9B6C19009E1E1C /* MarkdownCommonElement.swift in Sources */ = {isa = PBXBuildFile; fileRef = 65AF74511D9B6C19009E1E1C /* MarkdownCommonElement.swift */; };
		65AF74761D9B6C19009E1E1C /* MarkdownElement.swift in Sources */ = {isa = PBXBuildFile; fileRef = 65AF74521D9B6C19009E1E1C /* MarkdownElement.swift */; };
		65AF74771D9B6C19009E1E1C /* MarkdownElement.swift in Sources */ = {isa = PBXBuildFile; fileRef = 65AF74521D9B6C19009E1E1C /* MarkdownElement.swift */; };
		65AF74781D9B6C19009E1E1C /* MarkdownLevelElement.swift in Sources */ = {isa = PBXBuildFile; fileRef = 65AF74531D9B6C19009E1E1C /* MarkdownLevelElement.swift */; };
		65AF74791D9B6C19009E1E1C /* MarkdownLevelElement.swift in Sources */ = {isa = PBXBuildFile; fileRef = 65AF74531D9B6C19009E1E1C /* MarkdownLevelElement.swift */; };
		65AF747A1D9B6C19009E1E1C /* MarkdownLinkElement.swift in Sources */ = {isa = PBXBuildFile; fileRef = 65AF74541D9B6C19009E1E1C /* MarkdownLinkElement.swift */; };
		65AF747B1D9B6C19009E1E1C /* MarkdownLinkElement.swift in Sources */ = {isa = PBXBuildFile; fileRef = 65AF74541D9B6C19009E1E1C /* MarkdownLinkElement.swift */; };
		65AF747C1D9B6C19009E1E1C /* MarkdownStyle.swift in Sources */ = {isa = PBXBuildFile; fileRef = 65AF74551D9B6C19009E1E1C /* MarkdownStyle.swift */; };
		65AF747D1D9B6C19009E1E1C /* MarkdownStyle.swift in Sources */ = {isa = PBXBuildFile; fileRef = 65AF74551D9B6C19009E1E1C /* MarkdownStyle.swift */; };
		65C6B3801D65913800310FF8 /* NotesViewController.swift in Sources */ = {isa = PBXBuildFile; fileRef = 65C6B37F1D65913800310FF8 /* NotesViewController.swift */; };
		65FE6E7F1DBFC81B00F11A8E /* CurrentDateAndTimeHelper.swift in Sources */ = {isa = PBXBuildFile; fileRef = 65FE6E7E1DBFC81B00F11A8E /* CurrentDateAndTimeHelper.swift */; };
		65FE6E801DBFC81B00F11A8E /* CurrentDateAndTimeHelper.swift in Sources */ = {isa = PBXBuildFile; fileRef = 65FE6E7E1DBFC81B00F11A8E /* CurrentDateAndTimeHelper.swift */; };
/* End PBXBuildFile section */

/* Begin PBXContainerItemProxy section */
		6535190B1D6BF72700294A64 /* PBXContainerItemProxy */ = {
			isa = PBXContainerItemProxy;
			containerPortal = 6518750B1D53000F006C8D82 /* Project object */;
			proxyType = 1;
			remoteGlobalIDString = 651875121D53000F006C8D82;
			remoteInfo = Notes;
		};
/* End PBXContainerItemProxy section */

/* Begin PBXFileReference section */
		6501C0311DC1F37B005DB2EC /* alert-round.png */ = {isa = PBXFileReference; lastKnownFileType = image.png; path = "alert-round.png"; sourceTree = "<group>"; };
		6501C0321DC1F37B005DB2EC /* checkmark-round.png */ = {isa = PBXFileReference; lastKnownFileType = image.png; path = "checkmark-round.png"; sourceTree = "<group>"; };
		6501C0331DC1F37B005DB2EC /* close-round.png */ = {isa = PBXFileReference; lastKnownFileType = image.png; path = "close-round.png"; sourceTree = "<group>"; };
		6501C0341DC1F37B005DB2EC /* Colors.swift */ = {isa = PBXFileReference; fileEncoding = 4; lastKnownFileType = sourcecode.swift; path = Colors.swift; sourceTree = "<group>"; };
		6501C0351DC1F37B005DB2EC /* FCAlertView.h */ = {isa = PBXFileReference; fileEncoding = 4; lastKnownFileType = sourcecode.c.h; path = FCAlertView.h; sourceTree = "<group>"; };
		6501C0361DC1F37B005DB2EC /* FCAlertView.swift */ = {isa = PBXFileReference; fileEncoding = 4; lastKnownFileType = sourcecode.swift; path = FCAlertView.swift; sourceTree = "<group>"; };
		6501C0371DC1F37B005DB2EC /* FCAlertViewDelegate.swift */ = {isa = PBXFileReference; fileEncoding = 4; lastKnownFileType = sourcecode.swift; path = FCAlertViewDelegate.swift; sourceTree = "<group>"; };
		6501C0381DC1F37B005DB2EC /* Info.plist */ = {isa = PBXFileReference; fileEncoding = 4; lastKnownFileType = text.plist.xml; path = Info.plist; sourceTree = "<group>"; };
		651875131D53000F006C8D82 /* Notes.app */ = {isa = PBXFileReference; explicitFileType = wrapper.application; includeInIndex = 0; path = Notes.app; sourceTree = BUILT_PRODUCTS_DIR; };
		651875161D53000F006C8D82 /* AppDelegate.swift */ = {isa = PBXFileReference; lastKnownFileType = sourcecode.swift; path = AppDelegate.swift; sourceTree = "<group>"; };
		6518751B1D53000F006C8D82 /* Base */ = {isa = PBXFileReference; lastKnownFileType = file.storyboard; name = Base; path = Base.lproj/Main.storyboard; sourceTree = "<group>"; };
		6518751D1D53000F006C8D82 /* Assets.xcassets */ = {isa = PBXFileReference; lastKnownFileType = folder.assetcatalog; path = Assets.xcassets; sourceTree = "<group>"; };
		651875201D53000F006C8D82 /* Base */ = {isa = PBXFileReference; lastKnownFileType = file.storyboard; name = Base; path = Base.lproj/LaunchScreen.storyboard; sourceTree = "<group>"; };
		651875221D53000F006C8D82 /* Info.plist */ = {isa = PBXFileReference; lastKnownFileType = text.plist.xml; path = Info.plist; sourceTree = "<group>"; };
		651875281D53A354006C8D82 /* NotesTableViewController.swift */ = {isa = PBXFileReference; fileEncoding = 4; lastKnownFileType = sourcecode.swift; path = NotesTableViewController.swift; sourceTree = "<group>"; };
		653518FE1D6BE9F400294A64 /* Notes.swift */ = {isa = PBXFileReference; fileEncoding = 4; lastKnownFileType = sourcecode.swift; path = Notes.swift; sourceTree = "<group>"; };
		653519061D6BF72700294A64 /* NotesTests.xctest */ = {isa = PBXFileReference; explicitFileType = wrapper.cfbundle; includeInIndex = 0; path = NotesTests.xctest; sourceTree = BUILT_PRODUCTS_DIR; };
		653519081D6BF72700294A64 /* NotesTests.swift */ = {isa = PBXFileReference; lastKnownFileType = sourcecode.swift; path = NotesTests.swift; sourceTree = "<group>"; };
		6535190A1D6BF72700294A64 /* Info.plist */ = {isa = PBXFileReference; lastKnownFileType = text.plist.xml; path = Info.plist; sourceTree = "<group>"; };
		655F2C681D958EA400550C05 /* MarkdownNotesViewController.swift */ = {isa = PBXFileReference; fileEncoding = 4; lastKnownFileType = sourcecode.swift; path = MarkdownNotesViewController.swift; sourceTree = "<group>"; };
		65610CC71D54667A003E0882 /* NotesTableViewCell.swift */ = {isa = PBXFileReference; fileEncoding = 4; lastKnownFileType = sourcecode.swift; path = NotesTableViewCell.swift; sourceTree = "<group>"; };
		65AF74411D9B6C19009E1E1C /* MarkdownCodeEscaping.swift */ = {isa = PBXFileReference; fileEncoding = 4; lastKnownFileType = sourcecode.swift; path = MarkdownCodeEscaping.swift; sourceTree = "<group>"; };
		65AF74421D9B6C19009E1E1C /* MarkdownEscaping.swift */ = {isa = PBXFileReference; fileEncoding = 4; lastKnownFileType = sourcecode.swift; path = MarkdownEscaping.swift; sourceTree = "<group>"; };
		65AF74431D9B6C19009E1E1C /* MarkdownUnescaping.swift */ = {isa = PBXFileReference; fileEncoding = 4; lastKnownFileType = sourcecode.swift; path = MarkdownUnescaping.swift; sourceTree = "<group>"; };
		65AF74441D9B6C19009E1E1C /* MarkdownAutomaticLink.swift */ = {isa = PBXFileReference; fileEncoding = 4; lastKnownFileType = sourcecode.swift; path = MarkdownAutomaticLink.swift; sourceTree = "<group>"; };
		65AF74451D9B6C19009E1E1C /* MarkdownBold.swift */ = {isa = PBXFileReference; fileEncoding = 4; lastKnownFileType = sourcecode.swift; path = MarkdownBold.swift; sourceTree = "<group>"; };
		65AF74461D9B6C19009E1E1C /* MarkdownCode.swift */ = {isa = PBXFileReference; fileEncoding = 4; lastKnownFileType = sourcecode.swift; path = MarkdownCode.swift; sourceTree = "<group>"; };
		65AF74471D9B6C19009E1E1C /* MarkdownHeader.swift */ = {isa = PBXFileReference; fileEncoding = 4; lastKnownFileType = sourcecode.swift; path = MarkdownHeader.swift; sourceTree = "<group>"; };
		65AF74481D9B6C19009E1E1C /* MarkdownItalic.swift */ = {isa = PBXFileReference; fileEncoding = 4; lastKnownFileType = sourcecode.swift; path = MarkdownItalic.swift; sourceTree = "<group>"; };
		65AF74491D9B6C19009E1E1C /* MarkdownLink.swift */ = {isa = PBXFileReference; fileEncoding = 4; lastKnownFileType = sourcecode.swift; path = MarkdownLink.swift; sourceTree = "<group>"; };
		65AF744A1D9B6C19009E1E1C /* MarkdownList.swift */ = {isa = PBXFileReference; fileEncoding = 4; lastKnownFileType = sourcecode.swift; path = MarkdownList.swift; sourceTree = "<group>"; };
		65AF744B1D9B6C19009E1E1C /* MarkdownQuote.swift */ = {isa = PBXFileReference; fileEncoding = 4; lastKnownFileType = sourcecode.swift; path = MarkdownQuote.swift; sourceTree = "<group>"; };
		65AF744D1D9B6C19009E1E1C /* String+UTF16.swift */ = {isa = PBXFileReference; fileEncoding = 4; lastKnownFileType = sourcecode.swift; path = "String+UTF16.swift"; sourceTree = "<group>"; };
		65AF744E1D9B6C19009E1E1C /* UIFont+Traits.swift */ = {isa = PBXFileReference; fileEncoding = 4; lastKnownFileType = sourcecode.swift; path = "UIFont+Traits.swift"; sourceTree = "<group>"; };
		65AF744F1D9B6C19009E1E1C /* MarkdownParser.swift */ = {isa = PBXFileReference; fileEncoding = 4; lastKnownFileType = sourcecode.swift; path = MarkdownParser.swift; sourceTree = "<group>"; };
		65AF74511D9B6C19009E1E1C /* MarkdownCommonElement.swift */ = {isa = PBXFileReference; fileEncoding = 4; lastKnownFileType = sourcecode.swift; path = MarkdownCommonElement.swift; sourceTree = "<group>"; };
		65AF74521D9B6C19009E1E1C /* MarkdownElement.swift */ = {isa = PBXFileReference; fileEncoding = 4; lastKnownFileType = sourcecode.swift; path = MarkdownElement.swift; sourceTree = "<group>"; };
		65AF74531D9B6C19009E1E1C /* MarkdownLevelElement.swift */ = {isa = PBXFileReference; fileEncoding = 4; lastKnownFileType = sourcecode.swift; path = MarkdownLevelElement.swift; sourceTree = "<group>"; };
		65AF74541D9B6C19009E1E1C /* MarkdownLinkElement.swift */ = {isa = PBXFileReference; fileEncoding = 4; lastKnownFileType = sourcecode.swift; path = MarkdownLinkElement.swift; sourceTree = "<group>"; };
		65AF74551D9B6C19009E1E1C /* MarkdownStyle.swift */ = {isa = PBXFileReference; fileEncoding = 4; lastKnownFileType = sourcecode.swift; path = MarkdownStyle.swift; sourceTree = "<group>"; };
		65C6B37F1D65913800310FF8 /* NotesViewController.swift */ = {isa = PBXFileReference; fileEncoding = 4; lastKnownFileType = sourcecode.swift; path = NotesViewController.swift; sourceTree = "<group>"; };
		65FE6E7E1DBFC81B00F11A8E /* CurrentDateAndTimeHelper.swift */ = {isa = PBXFileReference; fileEncoding = 4; lastKnownFileType = sourcecode.swift; path = CurrentDateAndTimeHelper.swift; sourceTree = "<group>"; };
/* End PBXFileReference section */

/* Begin PBXFrameworksBuildPhase section */
		651875101D53000F006C8D82 /* Frameworks */ = {
			isa = PBXFrameworksBuildPhase;
			buildActionMask = 2147483647;
			files = (
			);
			runOnlyForDeploymentPostprocessing = 0;
		};
		653519031D6BF72700294A64 /* Frameworks */ = {
			isa = PBXFrameworksBuildPhase;
			buildActionMask = 2147483647;
			files = (
			);
			runOnlyForDeploymentPostprocessing = 0;
		};
/* End PBXFrameworksBuildPhase section */

/* Begin PBXGroup section */
		6501C0301DC1F37B005DB2EC /* FCAlertView */ = {
			isa = PBXGroup;
			children = (
				6501C0311DC1F37B005DB2EC /* alert-round.png */,
				6501C0321DC1F37B005DB2EC /* checkmark-round.png */,
				6501C0331DC1F37B005DB2EC /* close-round.png */,
				6501C0341DC1F37B005DB2EC /* Colors.swift */,
				6501C0351DC1F37B005DB2EC /* FCAlertView.h */,
				6501C0361DC1F37B005DB2EC /* FCAlertView.swift */,
				6501C0371DC1F37B005DB2EC /* FCAlertViewDelegate.swift */,
				6501C0381DC1F37B005DB2EC /* Info.plist */,
			);
			path = FCAlertView;
			sourceTree = "<group>";
		};
		6518750A1D53000F006C8D82 = {
			isa = PBXGroup;
			children = (
				651875151D53000F006C8D82 /* Notes */,
				653519071D6BF72700294A64 /* NotesTests */,
				651875141D53000F006C8D82 /* Products */,
			);
			sourceTree = "<group>";
		};
		651875141D53000F006C8D82 /* Products */ = {
			isa = PBXGroup;
			children = (
				651875131D53000F006C8D82 /* Notes.app */,
				653519061D6BF72700294A64 /* NotesTests.xctest */,
			);
			name = Products;
			sourceTree = "<group>";
		};
		651875151D53000F006C8D82 /* Notes */ = {
			isa = PBXGroup;
			children = (
				6501C0301DC1F37B005DB2EC /* FCAlertView */,
				65AF743C1D9B6C19009E1E1C /* MarkdownKit */,
				651875161D53000F006C8D82 /* AppDelegate.swift */,
				6518751A1D53000F006C8D82 /* Main.storyboard */,
				65FE6E7E1DBFC81B00F11A8E /* CurrentDateAndTimeHelper.swift */,
				653518FE1D6BE9F400294A64 /* Notes.swift */,
				65C6B37F1D65913800310FF8 /* NotesViewController.swift */,
				655F2C681D958EA400550C05 /* MarkdownNotesViewController.swift */,
				65610CC71D54667A003E0882 /* NotesTableViewCell.swift */,
				651875281D53A354006C8D82 /* NotesTableViewController.swift */,
				6518751D1D53000F006C8D82 /* Assets.xcassets */,
				6518751F1D53000F006C8D82 /* LaunchScreen.storyboard */,
				651875221D53000F006C8D82 /* Info.plist */,
			);
			path = Notes;
			sourceTree = "<group>";
		};
		653519071D6BF72700294A64 /* NotesTests */ = {
			isa = PBXGroup;
			children = (
				653519081D6BF72700294A64 /* NotesTests.swift */,
				6535190A1D6BF72700294A64 /* Info.plist */,
			);
			path = NotesTests;
			sourceTree = "<group>";
		};
		65AF743C1D9B6C19009E1E1C /* MarkdownKit */ = {
			isa = PBXGroup;
			children = (
				65AF743D1D9B6C19009E1E1C /* Classes */,
			);
			path = MarkdownKit;
			sourceTree = "<group>";
		};
		65AF743D1D9B6C19009E1E1C /* Classes */ = {
			isa = PBXGroup;
			children = (
				65AF743F1D9B6C19009E1E1C /* Elements */,
				65AF744C1D9B6C19009E1E1C /* Extensions */,
				65AF744F1D9B6C19009E1E1C /* MarkdownParser.swift */,
				65AF74501D9B6C19009E1E1C /* Protocols */,
			);
			path = Classes;
			sourceTree = "<group>";
		};
		65AF743F1D9B6C19009E1E1C /* Elements */ = {
			isa = PBXGroup;
			children = (
				65AF74401D9B6C19009E1E1C /* Escaping */,
				65AF74441D9B6C19009E1E1C /* MarkdownAutomaticLink.swift */,
				65AF74451D9B6C19009E1E1C /* MarkdownBold.swift */,
				65AF74461D9B6C19009E1E1C /* MarkdownCode.swift */,
				65AF74471D9B6C19009E1E1C /* MarkdownHeader.swift */,
				65AF74481D9B6C19009E1E1C /* MarkdownItalic.swift */,
				65AF74491D9B6C19009E1E1C /* MarkdownLink.swift */,
				65AF744A1D9B6C19009E1E1C /* MarkdownList.swift */,
				65AF744B1D9B6C19009E1E1C /* MarkdownQuote.swift */,
			);
			path = Elements;
			sourceTree = "<group>";
		};
		65AF74401D9B6C19009E1E1C /* Escaping */ = {
			isa = PBXGroup;
			children = (
				65AF74411D9B6C19009E1E1C /* MarkdownCodeEscaping.swift */,
				65AF74421D9B6C19009E1E1C /* MarkdownEscaping.swift */,
				65AF74431D9B6C19009E1E1C /* MarkdownUnescaping.swift */,
			);
			path = Escaping;
			sourceTree = "<group>";
		};
		65AF744C1D9B6C19009E1E1C /* Extensions */ = {
			isa = PBXGroup;
			children = (
				65AF744D1D9B6C19009E1E1C /* String+UTF16.swift */,
				65AF744E1D9B6C19009E1E1C /* UIFont+Traits.swift */,
			);
			path = Extensions;
			sourceTree = "<group>";
		};
		65AF74501D9B6C19009E1E1C /* Protocols */ = {
			isa = PBXGroup;
			children = (
				65AF74511D9B6C19009E1E1C /* MarkdownCommonElement.swift */,
				65AF74521D9B6C19009E1E1C /* MarkdownElement.swift */,
				65AF74531D9B6C19009E1E1C /* MarkdownLevelElement.swift */,
				65AF74541D9B6C19009E1E1C /* MarkdownLinkElement.swift */,
				65AF74551D9B6C19009E1E1C /* MarkdownStyle.swift */,
			);
			path = Protocols;
			sourceTree = "<group>";
		};
/* End PBXGroup section */

/* Begin PBXNativeTarget section */
		651875121D53000F006C8D82 /* Notes */ = {
			isa = PBXNativeTarget;
			buildConfigurationList = 651875251D53000F006C8D82 /* Build configuration list for PBXNativeTarget "Notes" */;
			buildPhases = (
				6518750F1D53000F006C8D82 /* Sources */,
				651875101D53000F006C8D82 /* Frameworks */,
				651875111D53000F006C8D82 /* Resources */,
				65610CC61D5452DC003E0882 /* ShellScript */,
			);
			buildRules = (
			);
			dependencies = (
			);
			name = Notes;
			productName = Notes;
			productReference = 651875131D53000F006C8D82 /* Notes.app */;
			productType = "com.apple.product-type.application";
		};
		653519051D6BF72700294A64 /* NotesTests */ = {
			isa = PBXNativeTarget;
			buildConfigurationList = 6535190D1D6BF72700294A64 /* Build configuration list for PBXNativeTarget "NotesTests" */;
			buildPhases = (
				653519021D6BF72700294A64 /* Sources */,
				653519031D6BF72700294A64 /* Frameworks */,
				653519041D6BF72700294A64 /* Resources */,
			);
			buildRules = (
			);
			dependencies = (
				6535190C1D6BF72700294A64 /* PBXTargetDependency */,
			);
			name = NotesTests;
			productName = NotesTests;
			productReference = 653519061D6BF72700294A64 /* NotesTests.xctest */;
			productType = "com.apple.product-type.bundle.unit-test";
		};
/* End PBXNativeTarget section */

/* Begin PBXProject section */
		6518750B1D53000F006C8D82 /* Project object */ = {
			isa = PBXProject;
			attributes = {
				LastSwiftUpdateCheck = 0730;
				LastUpgradeCheck = 0800;
				ORGANIZATIONNAME = "Yohannes Wijaya";
				TargetAttributes = {
					651875121D53000F006C8D82 = {
						CreatedOnToolsVersion = 7.3.1;
						DevelopmentTeam = 4Z5JKF2M6S;
						LastSwiftMigration = 0800;
					};
					653519051D6BF72700294A64 = {
						CreatedOnToolsVersion = 7.3.1;
						LastSwiftMigration = 0800;
						TestTargetID = 651875121D53000F006C8D82;
					};
				};
			};
			buildConfigurationList = 6518750E1D53000F006C8D82 /* Build configuration list for PBXProject "Notes" */;
			compatibilityVersion = "Xcode 3.2";
			developmentRegion = English;
			hasScannedForEncodings = 0;
			knownRegions = (
				en,
				Base,
			);
			mainGroup = 6518750A1D53000F006C8D82;
			productRefGroup = 651875141D53000F006C8D82 /* Products */;
			projectDirPath = "";
			projectRoot = "";
			targets = (
				651875121D53000F006C8D82 /* Notes */,
				653519051D6BF72700294A64 /* NotesTests */,
			);
		};
/* End PBXProject section */

/* Begin PBXResourcesBuildPhase section */
		651875111D53000F006C8D82 /* Resources */ = {
			isa = PBXResourcesBuildPhase;
			buildActionMask = 2147483647;
			files = (
				6501C0451DC1F37B005DB2EC /* Info.plist in Resources */,
				651875211D53000F006C8D82 /* LaunchScreen.storyboard in Resources */,
				6501C03B1DC1F37B005DB2EC /* checkmark-round.png in Resources */,
				6518751E1D53000F006C8D82 /* Assets.xcassets in Resources */,
				6518751C1D53000F006C8D82 /* Main.storyboard in Resources */,
				6501C0391DC1F37B005DB2EC /* alert-round.png in Resources */,
				6501C03D1DC1F37B005DB2EC /* close-round.png in Resources */,
			);
			runOnlyForDeploymentPostprocessing = 0;
		};
		653519041D6BF72700294A64 /* Resources */ = {
			isa = PBXResourcesBuildPhase;
			buildActionMask = 2147483647;
			files = (
				6501C03E1DC1F37B005DB2EC /* close-round.png in Resources */,
				6501C03A1DC1F37B005DB2EC /* alert-round.png in Resources */,
				6501C0461DC1F37B005DB2EC /* Info.plist in Resources */,
				6501C03C1DC1F37B005DB2EC /* checkmark-round.png in Resources */,
			);
			runOnlyForDeploymentPostprocessing = 0;
		};
/* End PBXResourcesBuildPhase section */

/* Begin PBXShellScriptBuildPhase section */
		65610CC61D5452DC003E0882 /* ShellScript */ = {
			isa = PBXShellScriptBuildPhase;
			buildActionMask = 2147483647;
			files = (
			);
			inputPaths = (
			);
			outputPaths = (
			);
			runOnlyForDeploymentPostprocessing = 0;
			shellPath = /bin/sh;
			shellScript = "TAGS=\"TODO:|FIXME:\"\nERRORTAG=\"ERROR:\"\nfind \"${SRCROOT}\" \\( -name \"*.h\" -or -name \"*.m\" -or -name \"*.swift\" \\) -print0 | xargs -0 egrep --with-filename --line-number --only-matching \"($TAGS).*\\$|($ERRORTAG).*\\$\" | perl -p -e \"s/($TAGS)/ warning: \\$1/\" | perl -p -e \"s/($ERRORTAG)/ error: \\$1/\"";
		};
/* End PBXShellScriptBuildPhase section */

/* Begin PBXSourcesBuildPhase section */
		6518750F1D53000F006C8D82 /* Sources */ = {
			isa = PBXSourcesBuildPhase;
			buildActionMask = 2147483647;
			files = (
				6501C0431DC1F37B005DB2EC /* FCAlertViewDelegate.swift in Sources */,
				65AF745C1D9B6C19009E1E1C /* MarkdownUnescaping.swift in Sources */,
				65AF745A1D9B6C19009E1E1C /* MarkdownEscaping.swift in Sources */,
				65AF746E1D9B6C19009E1E1C /* String+UTF16.swift in Sources */,
				65AF74661D9B6C19009E1E1C /* MarkdownItalic.swift in Sources */,
				65C6B3801D65913800310FF8 /* NotesViewController.swift in Sources */,
				65AF74741D9B6C19009E1E1C /* MarkdownCommonElement.swift in Sources */,
				655F2C691D958EA400550C05 /* MarkdownNotesViewController.swift in Sources */,
				65AF74781D9B6C19009E1E1C /* MarkdownLevelElement.swift in Sources */,
				653518FF1D6BE9F400294A64 /* Notes.swift in Sources */,
				65AF74721D9B6C19009E1E1C /* MarkdownParser.swift in Sources */,
				65AF74761D9B6C19009E1E1C /* MarkdownElement.swift in Sources */,
				65AF745E1D9B6C19009E1E1C /* MarkdownAutomaticLink.swift in Sources */,
				65AF746C1D9B6C19009E1E1C /* MarkdownQuote.swift in Sources */,
				651875171D53000F006C8D82 /* AppDelegate.swift in Sources */,
				65AF74581D9B6C19009E1E1C /* MarkdownCodeEscaping.swift in Sources */,
				65AF747A1D9B6C19009E1E1C /* MarkdownLinkElement.swift in Sources */,
				65AF747C1D9B6C19009E1E1C /* MarkdownStyle.swift in Sources */,
				651875291D53A354006C8D82 /* NotesTableViewController.swift in Sources */,
				65AF74621D9B6C19009E1E1C /* MarkdownCode.swift in Sources */,
				6501C03F1DC1F37B005DB2EC /* Colors.swift in Sources */,
				65AF74601D9B6C19009E1E1C /* MarkdownBold.swift in Sources */,
				65AF74641D9B6C19009E1E1C /* MarkdownHeader.swift in Sources */,
				65FE6E7F1DBFC81B00F11A8E /* CurrentDateAndTimeHelper.swift in Sources */,
				65610CC81D54667A003E0882 /* NotesTableViewCell.swift in Sources */,
				65AF74681D9B6C19009E1E1C /* MarkdownLink.swift in Sources */,
				6501C0411DC1F37B005DB2EC /* FCAlertView.swift in Sources */,
				65AF74701D9B6C19009E1E1C /* UIFont+Traits.swift in Sources */,
				65AF746A1D9B6C19009E1E1C /* MarkdownList.swift in Sources */,
			);
			runOnlyForDeploymentPostprocessing = 0;
		};
		653519021D6BF72700294A64 /* Sources */ = {
			isa = PBXSourcesBuildPhase;
			buildActionMask = 2147483647;
			files = (
				65AF745D1D9B6C19009E1E1C /* MarkdownUnescaping.swift in Sources */,
				6501C0401DC1F37B005DB2EC /* Colors.swift in Sources */,
				65FE6E801DBFC81B00F11A8E /* CurrentDateAndTimeHelper.swift in Sources */,
				65AF747B1D9B6C19009E1E1C /* MarkdownLinkElement.swift in Sources */,
				65AF74771D9B6C19009E1E1C /* MarkdownElement.swift in Sources */,
				65AF74631D9B6C19009E1E1C /* MarkdownCode.swift in Sources */,
				65AF74611D9B6C19009E1E1C /* MarkdownBold.swift in Sources */,
				65AF74651D9B6C19009E1E1C /* MarkdownHeader.swift in Sources */,
				6501C0441DC1F37B005DB2EC /* FCAlertViewDelegate.swift in Sources */,
				65AF74731D9B6C19009E1E1C /* MarkdownParser.swift in Sources */,
				65AF746F1D9B6C19009E1E1C /* String+UTF16.swift in Sources */,
				65AF74691D9B6C19009E1E1C /* MarkdownLink.swift in Sources */,
				65AF745B1D9B6C19009E1E1C /* MarkdownEscaping.swift in Sources */,
				65AF74671D9B6C19009E1E1C /* MarkdownItalic.swift in Sources */,
				65AF745F1D9B6C19009E1E1C /* MarkdownAutomaticLink.swift in Sources */,
				653519091D6BF72700294A64 /* NotesTests.swift in Sources */,
				65AF74791D9B6C19009E1E1C /* MarkdownLevelElement.swift in Sources */,
				65AF747D1D9B6C19009E1E1C /* MarkdownStyle.swift in Sources */,
				65AF74591D9B6C19009E1E1C /* MarkdownCodeEscaping.swift in Sources */,
				655F2C6A1D958EA400550C05 /* MarkdownNotesViewController.swift in Sources */,
				65AF746D1D9B6C19009E1E1C /* MarkdownQuote.swift in Sources */,
				6501C0421DC1F37B005DB2EC /* FCAlertView.swift in Sources */,
				65AF746B1D9B6C19009E1E1C /* MarkdownList.swift in Sources */,
				653519111D6BFB1100294A64 /* Notes.swift in Sources */,
				65AF74711D9B6C19009E1E1C /* UIFont+Traits.swift in Sources */,
				65AF74751D9B6C19009E1E1C /* MarkdownCommonElement.swift in Sources */,
			);
			runOnlyForDeploymentPostprocessing = 0;
		};
/* End PBXSourcesBuildPhase section */

/* Begin PBXTargetDependency section */
		6535190C1D6BF72700294A64 /* PBXTargetDependency */ = {
			isa = PBXTargetDependency;
			target = 651875121D53000F006C8D82 /* Notes */;
			targetProxy = 6535190B1D6BF72700294A64 /* PBXContainerItemProxy */;
		};
/* End PBXTargetDependency section */

/* Begin PBXVariantGroup section */
		6518751A1D53000F006C8D82 /* Main.storyboard */ = {
			isa = PBXVariantGroup;
			children = (
				6518751B1D53000F006C8D82 /* Base */,
			);
			name = Main.storyboard;
			sourceTree = "<group>";
		};
		6518751F1D53000F006C8D82 /* LaunchScreen.storyboard */ = {
			isa = PBXVariantGroup;
			children = (
				651875201D53000F006C8D82 /* Base */,
			);
			name = LaunchScreen.storyboard;
			sourceTree = "<group>";
		};
/* End PBXVariantGroup section */

/* Begin XCBuildConfiguration section */
		651875231D53000F006C8D82 /* Debug */ = {
			isa = XCBuildConfiguration;
			buildSettings = {
				ALWAYS_SEARCH_USER_PATHS = NO;
				CLANG_ANALYZER_NONNULL = YES;
				CLANG_CXX_LANGUAGE_STANDARD = "gnu++0x";
				CLANG_CXX_LIBRARY = "libc++";
				CLANG_ENABLE_MODULES = YES;
				CLANG_ENABLE_OBJC_ARC = YES;
				CLANG_WARN_BOOL_CONVERSION = YES;
				CLANG_WARN_CONSTANT_CONVERSION = YES;
				CLANG_WARN_DIRECT_OBJC_ISA_USAGE = YES_ERROR;
				CLANG_WARN_EMPTY_BODY = YES;
				CLANG_WARN_ENUM_CONVERSION = YES;
				CLANG_WARN_INFINITE_RECURSION = YES;
				CLANG_WARN_INT_CONVERSION = YES;
				CLANG_WARN_OBJC_ROOT_CLASS = YES_ERROR;
				CLANG_WARN_SUSPICIOUS_MOVE = YES;
				CLANG_WARN_UNREACHABLE_CODE = YES;
				CLANG_WARN__DUPLICATE_METHOD_MATCH = YES;
				"CODE_SIGN_IDENTITY[sdk=iphoneos*]" = "iPhone Developer";
				COPY_PHASE_STRIP = NO;
				DEBUG_INFORMATION_FORMAT = dwarf;
				ENABLE_STRICT_OBJC_MSGSEND = YES;
				ENABLE_TESTABILITY = YES;
				GCC_C_LANGUAGE_STANDARD = gnu99;
				GCC_DYNAMIC_NO_PIC = NO;
				GCC_NO_COMMON_BLOCKS = YES;
				GCC_OPTIMIZATION_LEVEL = 0;
				GCC_PREPROCESSOR_DEFINITIONS = (
					"DEBUG=1",
					"$(inherited)",
				);
				GCC_WARN_64_TO_32_BIT_CONVERSION = YES;
				GCC_WARN_ABOUT_RETURN_TYPE = YES_ERROR;
				GCC_WARN_UNDECLARED_SELECTOR = YES;
				GCC_WARN_UNINITIALIZED_AUTOS = YES_AGGRESSIVE;
				GCC_WARN_UNUSED_FUNCTION = YES;
				GCC_WARN_UNUSED_VARIABLE = YES;
				IPHONEOS_DEPLOYMENT_TARGET = 10.0;
				MTL_ENABLE_DEBUG_INFO = YES;
				ONLY_ACTIVE_ARCH = YES;
				SDKROOT = iphoneos;
				SWIFT_OPTIMIZATION_LEVEL = "-Onone";
			};
			name = Debug;
		};
		651875241D53000F006C8D82 /* Release */ = {
			isa = XCBuildConfiguration;
			buildSettings = {
				ALWAYS_SEARCH_USER_PATHS = NO;
				CLANG_ANALYZER_NONNULL = YES;
				CLANG_CXX_LANGUAGE_STANDARD = "gnu++0x";
				CLANG_CXX_LIBRARY = "libc++";
				CLANG_ENABLE_MODULES = YES;
				CLANG_ENABLE_OBJC_ARC = YES;
				CLANG_WARN_BOOL_CONVERSION = YES;
				CLANG_WARN_CONSTANT_CONVERSION = YES;
				CLANG_WARN_DIRECT_OBJC_ISA_USAGE = YES_ERROR;
				CLANG_WARN_EMPTY_BODY = YES;
				CLANG_WARN_ENUM_CONVERSION = YES;
				CLANG_WARN_INFINITE_RECURSION = YES;
				CLANG_WARN_INT_CONVERSION = YES;
				CLANG_WARN_OBJC_ROOT_CLASS = YES_ERROR;
				CLANG_WARN_SUSPICIOUS_MOVE = YES;
				CLANG_WARN_UNREACHABLE_CODE = YES;
				CLANG_WARN__DUPLICATE_METHOD_MATCH = YES;
				"CODE_SIGN_IDENTITY[sdk=iphoneos*]" = "iPhone Developer";
				COPY_PHASE_STRIP = NO;
				DEBUG_INFORMATION_FORMAT = "dwarf-with-dsym";
				ENABLE_NS_ASSERTIONS = NO;
				ENABLE_STRICT_OBJC_MSGSEND = YES;
				GCC_C_LANGUAGE_STANDARD = gnu99;
				GCC_NO_COMMON_BLOCKS = YES;
				GCC_WARN_64_TO_32_BIT_CONVERSION = YES;
				GCC_WARN_ABOUT_RETURN_TYPE = YES_ERROR;
				GCC_WARN_UNDECLARED_SELECTOR = YES;
				GCC_WARN_UNINITIALIZED_AUTOS = YES_AGGRESSIVE;
				GCC_WARN_UNUSED_FUNCTION = YES;
				GCC_WARN_UNUSED_VARIABLE = YES;
				IPHONEOS_DEPLOYMENT_TARGET = 10.0;
				MTL_ENABLE_DEBUG_INFO = NO;
				SDKROOT = iphoneos;
				SWIFT_OPTIMIZATION_LEVEL = "-Owholemodule";
				VALIDATE_PRODUCT = YES;
			};
			name = Release;
		};
		651875261D53000F006C8D82 /* Debug */ = {
			isa = XCBuildConfiguration;
			buildSettings = {
				ASSETCATALOG_COMPILER_APPICON_NAME = AppIcon;
				DEVELOPMENT_TEAM = 4Z5JKF2M6S;
				INFOPLIST_FILE = Notes/Info.plist;
				IPHONEOS_DEPLOYMENT_TARGET = 10.0;
				LD_RUNPATH_SEARCH_PATHS = "$(inherited) @executable_path/Frameworks";
				PRODUCT_BUNDLE_IDENTIFIER = self.fearless.Notes;
				PRODUCT_NAME = "$(TARGET_NAME)";
				SWIFT_VERSION = 3.0;
			};
			name = Debug;
		};
		651875271D53000F006C8D82 /* Release */ = {
			isa = XCBuildConfiguration;
			buildSettings = {
				ASSETCATALOG_COMPILER_APPICON_NAME = AppIcon;
				DEVELOPMENT_TEAM = 4Z5JKF2M6S;
				INFOPLIST_FILE = Notes/Info.plist;
				IPHONEOS_DEPLOYMENT_TARGET = 10.0;
				LD_RUNPATH_SEARCH_PATHS = "$(inherited) @executable_path/Frameworks";
				PRODUCT_BUNDLE_IDENTIFIER = self.fearless.Notes;
				PRODUCT_NAME = "$(TARGET_NAME)";
				SWIFT_VERSION = 3.0;
			};
			name = Release;
		};
		6535190E1D6BF72700294A64 /* Debug */ = {
			isa = XCBuildConfiguration;
			buildSettings = {
				BUNDLE_LOADER = "$(TEST_HOST)";
				INFOPLIST_FILE = NotesTests/Info.plist;
				LD_RUNPATH_SEARCH_PATHS = "$(inherited) @executable_path/Frameworks @loader_path/Frameworks";
				PRODUCT_BUNDLE_IDENTIFIER = self.fearless.NotesTests;
				PRODUCT_NAME = "$(TARGET_NAME)";
				SWIFT_VERSION = 3.0;
				TEST_HOST = "$(BUILT_PRODUCTS_DIR)/Notes.app/Notes";
			};
			name = Debug;
		};
		6535190F1D6BF72700294A64 /* Release */ = {
			isa = XCBuildConfiguration;
			buildSettings = {
				BUNDLE_LOADER = "$(TEST_HOST)";
				INFOPLIST_FILE = NotesTests/Info.plist;
				LD_RUNPATH_SEARCH_PATHS = "$(inherited) @executable_path/Frameworks @loader_path/Frameworks";
				PRODUCT_BUNDLE_IDENTIFIER = self.fearless.NotesTests;
				PRODUCT_NAME = "$(TARGET_NAME)";
				SWIFT_VERSION = 3.0;
				TEST_HOST = "$(BUILT_PRODUCTS_DIR)/Notes.app/Notes";
			};
			name = Release;
		};
/* End XCBuildConfiguration section */

/* Begin XCConfigurationList section */
		6518750E1D53000F006C8D82 /* Build configuration list for PBXProject "Notes" */ = {
			isa = XCConfigurationList;
			buildConfigurations = (
				651875231D53000F006C8D82 /* Debug */,
				651875241D53000F006C8D82 /* Release */,
			);
			defaultConfigurationIsVisible = 0;
			defaultConfigurationName = Release;
		};
		651875251D53000F006C8D82 /* Build configuration list for PBXNativeTarget "Notes" */ = {
			isa = XCConfigurationList;
			buildConfigurations = (
				651875261D53000F006C8D82 /* Debug */,
				651875271D53000F006C8D82 /* Release */,
			);
			defaultConfigurationIsVisible = 0;
			defaultConfigurationName = Release;
		};
		6535190D1D6BF72700294A64 /* Build configuration list for PBXNativeTarget "NotesTests" */ = {
			isa = XCConfigurationList;
			buildConfigurations = (
				6535190E1D6BF72700294A64 /* Debug */,
				6535190F1D6BF72700294A64 /* Release */,
			);
			defaultConfigurationIsVisible = 0;
			defaultConfigurationName = Release;
		};
/* End XCConfigurationList section */
	};
	rootObject = 6518750B1D53000F006C8D82 /* Project object */;
}
